
Microsoft Visual Studio Solution File, Format Version 12.00
# Visual Studio Version 17
VisualStudioVersion = 17.9.34902.65
MinimumVisualStudioVersion = 10.0.40219.1
Project("{FAE04EC0-301F-11D3-BF4B-00C04F79EFBC}") = "ServicesLab1", "ServicesLab1.csproj", "{F08D576E-9D32-4BBA-ACF5-017B16185874}"
EndProject
Global
	GlobalSection(SolutionConfigurationPlatforms) = preSolution
		Debug|Any CPU = Debug|Any CPU
		Release|Any CPU = Release|Any CPU
	EndGlobalSection
	GlobalSection(ProjectConfigurationPlatforms) = postSolution
		{F08D576E-9D32-4BBA-ACF5-017B16185874}.Debug|Any CPU.ActiveCfg = Debug|Any CPU
		{F08D576E-9D32-4BBA-ACF5-017B16185874}.Debug|Any CPU.Build.0 = Debug|Any CPU
		{F08D576E-9D32-4BBA-ACF5-017B16185874}.Release|Any CPU.ActiveCfg = Release|Any CPU
		{F08D576E-9D32-4BBA-ACF5-017B16185874}.Release|Any CPU.Build.0 = Release|Any CPU
	EndGlobalSection
	GlobalSection(SolutionProperties) = preSolution
		HideSolutionNode = FALSE
	EndGlobalSection
	GlobalSection(ExtensibilityGlobals) = postSolution
		SolutionGuid = {02312096-E467-40A0-9FE7-5FCA6BA8F785}
	EndGlobalSection
EndGlobal
